// !$*UTF8*$!
{
	archiveVersion = 1;
	classes = {
	};
	objectVersion = 77;
	objects = {

/* Begin PBXBuildFile section */
		588879762ECD98EC00083137 /* MentoryWatch Watch App.app in Embed Watch Content */ = {isa = PBXBuildFile; fileRef = 5888796C2ECD98EB00083137 /* MentoryWatch Watch App.app */; settings = {ATTRIBUTES = (RemoveHeadersOnCopy, ); }; };
		7B1337682ECD63A2009931A4 /* WidgetKit.framework in Frameworks */ = {isa = PBXBuildFile; fileRef = 7B1337672ECD63A2009931A4 /* WidgetKit.framework */; };
		7B13376A2ECD63A2009931A4 /* SwiftUI.framework in Frameworks */ = {isa = PBXBuildFile; fileRef = 7B1337692ECD63A2009931A4 /* SwiftUI.framework */; };
		7B13377B2ECD63A4009931A4 /* MentoryWidgetExtension.appex in Embed Foundation Extensions */ = {isa = PBXBuildFile; fileRef = 7B1337652ECD63A2009931A4 /* MentoryWidgetExtension.appex */; settings = {ATTRIBUTES = (RemoveHeadersOnCopy, ); }; };
		CE127F672ECB8858006A55E6 /* Secrets.xcconfig.sample in Resources */ = {isa = PBXBuildFile; fileRef = CE127F662ECB8858006A55E6 /* Secrets.xcconfig.sample */; };
		CE2903302ECD9EDD00AC403C /* FirebaseAI in Frameworks */ = {isa = PBXBuildFile; productRef = CE29032F2ECD9EDD00AC403C /* FirebaseAI */; };
		CE2903322ECD9EDD00AC403C /* FirebaseAILogic in Frameworks */ = {isa = PBXBuildFile; productRef = CE2903312ECD9EDD00AC403C /* FirebaseAILogic */; };
		CEB755832ECB9FF900FCE15A /* Collections in Frameworks */ = {isa = PBXBuildFile; productRef = CEB755822ECB9FF900FCE15A /* Collections */; };
		CEB755852ECB9FF900FCE15A /* DequeModule in Frameworks */ = {isa = PBXBuildFile; productRef = CEB755842ECB9FF900FCE15A /* DequeModule */; };
		CED16A5F2ECB7FCD00CF012B /* Secrets.xcconfig in Resources */ = {isa = PBXBuildFile; fileRef = CED16A5E2ECB7FCD00CF012B /* Secrets.xcconfig */; };
/* End PBXBuildFile section */

/* Begin PBXContainerItemProxy section */
		588879742ECD98EC00083137 /* PBXContainerItemProxy */ = {
			isa = PBXContainerItemProxy;
			containerPortal = CE39BFB42EC313F20090DF78 /* Project object */;
			proxyType = 1;
			remoteGlobalIDString = 5888796B2ECD98EB00083137;
			remoteInfo = "MentoryWatch Watch App";
		};
		7B1337792ECD63A4009931A4 /* PBXContainerItemProxy */ = {
			isa = PBXContainerItemProxy;
			containerPortal = CE39BFB42EC313F20090DF78 /* Project object */;
			proxyType = 1;
			remoteGlobalIDString = 7B1337642ECD63A2009931A4;
			remoteInfo = MentoryWidgetExtension;
		};
		CE8EE8352EC5D1600006E5A4 /* PBXContainerItemProxy */ = {
			isa = PBXContainerItemProxy;
			containerPortal = CE39BFB42EC313F20090DF78 /* Project object */;
			proxyType = 1;
			remoteGlobalIDString = CE39BFBB2EC313F20090DF78;
			remoteInfo = Mentory;
		};
/* End PBXContainerItemProxy section */

/* Begin PBXCopyFilesBuildPhase section */
		5888797A2ECD98EC00083137 /* Embed Watch Content */ = {
			isa = PBXCopyFilesBuildPhase;
			buildActionMask = 2147483647;
			dstPath = "$(CONTENTS_FOLDER_PATH)/Watch";
			dstSubfolderSpec = 16;
			files = (
				588879762ECD98EC00083137 /* MentoryWatch Watch App.app in Embed Watch Content */,
			);
			name = "Embed Watch Content";
			runOnlyForDeploymentPostprocessing = 0;
		};
		7B13377C2ECD63A4009931A4 /* Embed Foundation Extensions */ = {
			isa = PBXCopyFilesBuildPhase;
			buildActionMask = 2147483647;
			dstPath = "";
			dstSubfolderSpec = 13;
			files = (
				7B13377B2ECD63A4009931A4 /* MentoryWidgetExtension.appex in Embed Foundation Extensions */,
			);
			name = "Embed Foundation Extensions";
			runOnlyForDeploymentPostprocessing = 0;
		};
/* End PBXCopyFilesBuildPhase section */

/* Begin PBXFileReference section */
		5888796C2ECD98EB00083137 /* MentoryWatch Watch App.app */ = {isa = PBXFileReference; explicitFileType = wrapper.application; includeInIndex = 0; path = "MentoryWatch Watch App.app"; sourceTree = BUILT_PRODUCTS_DIR; };
		694B366D2ECE207F0094E855 /* Speech.framework */ = {isa = PBXFileReference; lastKnownFileType = wrapper.framework; name = Speech.framework; path = System/Library/Frameworks/Speech.framework; sourceTree = SDKROOT; };
		7B1337652ECD63A2009931A4 /* MentoryWidgetExtension.appex */ = {isa = PBXFileReference; explicitFileType = "wrapper.app-extension"; includeInIndex = 0; path = MentoryWidgetExtension.appex; sourceTree = BUILT_PRODUCTS_DIR; };
		7B1337672ECD63A2009931A4 /* WidgetKit.framework */ = {isa = PBXFileReference; lastKnownFileType = wrapper.framework; name = WidgetKit.framework; path = System/Library/Frameworks/WidgetKit.framework; sourceTree = SDKROOT; };
		7B1337692ECD63A2009931A4 /* SwiftUI.framework */ = {isa = PBXFileReference; lastKnownFileType = wrapper.framework; name = SwiftUI.framework; path = System/Library/Frameworks/SwiftUI.framework; sourceTree = SDKROOT; };
		CE127F662ECB8858006A55E6 /* Secrets.xcconfig.sample */ = {isa = PBXFileReference; lastKnownFileType = text; path = Secrets.xcconfig.sample; sourceTree = "<group>"; };
		CE39BFBC2EC313F20090DF78 /* Mentory.app */ = {isa = PBXFileReference; explicitFileType = wrapper.application; includeInIndex = 0; path = Mentory.app; sourceTree = BUILT_PRODUCTS_DIR; };
		CE8EE8312EC5D1600006E5A4 /* MentoryTests.xctest */ = {isa = PBXFileReference; explicitFileType = wrapper.cfbundle; includeInIndex = 0; path = MentoryTests.xctest; sourceTree = BUILT_PRODUCTS_DIR; };
		CED16A5E2ECB7FCD00CF012B /* Secrets.xcconfig */ = {isa = PBXFileReference; lastKnownFileType = text.xcconfig; path = Secrets.xcconfig; sourceTree = "<group>"; };
/* End PBXFileReference section */

/* Begin PBXFileSystemSynchronizedBuildFileExceptionSet section */
		694B337D2ECB0A8D0094E855 /* Exceptions for "Mentory" folder in "Mentory" target */ = {
			isa = PBXFileSystemSynchronizedBuildFileExceptionSet;
			membershipExceptions = (
				Info.plist,
			);
			target = CE39BFBB2EC313F20090DF78 /* Mentory */;
		};
		7B1337802ECD63A4009931A4 /* Exceptions for "MentoryWidget" folder in "MentoryWidgetExtension" target */ = {
			isa = PBXFileSystemSynchronizedBuildFileExceptionSet;
			membershipExceptions = (
				Info.plist,
			);
			target = 7B1337642ECD63A2009931A4 /* MentoryWidgetExtension */;
		};
/* End PBXFileSystemSynchronizedBuildFileExceptionSet section */

/* Begin PBXFileSystemSynchronizedRootGroup section */
		5888796D2ECD98EB00083137 /* MentoryWatch Watch App */ = {
			isa = PBXFileSystemSynchronizedRootGroup;
			path = "MentoryWatch Watch App";
			sourceTree = "<group>";
		};
		7B13376B2ECD63A2009931A4 /* MentoryWidget */ = {
			isa = PBXFileSystemSynchronizedRootGroup;
			exceptions = (
				7B1337802ECD63A4009931A4 /* Exceptions for "MentoryWidget" folder in "MentoryWidgetExtension" target */,
			);
			path = MentoryWidget;
			sourceTree = "<group>";
		};
		CE39BFBE2EC313F20090DF78 /* Mentory */ = {
			isa = PBXFileSystemSynchronizedRootGroup;
			exceptions = (
				694B337D2ECB0A8D0094E855 /* Exceptions for "Mentory" folder in "Mentory" target */,
			);
			path = Mentory;
			sourceTree = "<group>";
		};
		CE8EE8322EC5D1600006E5A4 /* MentoryTests */ = {
			isa = PBXFileSystemSynchronizedRootGroup;
			path = MentoryTests;
			sourceTree = "<group>";
		};
/* End PBXFileSystemSynchronizedRootGroup section */

/* Begin PBXFrameworksBuildPhase section */
		588879692ECD98EB00083137 /* Frameworks */ = {
			isa = PBXFrameworksBuildPhase;
			buildActionMask = 2147483647;
			files = (
			);
			runOnlyForDeploymentPostprocessing = 0;
		};
		7B1337622ECD63A2009931A4 /* Frameworks */ = {
			isa = PBXFrameworksBuildPhase;
			buildActionMask = 2147483647;
			files = (
				7B13376A2ECD63A2009931A4 /* SwiftUI.framework in Frameworks */,
				7B1337682ECD63A2009931A4 /* WidgetKit.framework in Frameworks */,
			);
			runOnlyForDeploymentPostprocessing = 0;
		};
		CE39BFB92EC313F20090DF78 /* Frameworks */ = {
			isa = PBXFrameworksBuildPhase;
			buildActionMask = 2147483647;
			files = (
				CE2903322ECD9EDD00AC403C /* FirebaseAILogic in Frameworks */,
				CEB755832ECB9FF900FCE15A /* Collections in Frameworks */,
				CEB755852ECB9FF900FCE15A /* DequeModule in Frameworks */,
				CE2903302ECD9EDD00AC403C /* FirebaseAI in Frameworks */,
			);
			runOnlyForDeploymentPostprocessing = 0;
		};
		CE8EE82E2EC5D1600006E5A4 /* Frameworks */ = {
			isa = PBXFrameworksBuildPhase;
			buildActionMask = 2147483647;
			files = (
			);
			runOnlyForDeploymentPostprocessing = 0;
		};
/* End PBXFrameworksBuildPhase section */

/* Begin PBXGroup section */
		7B1337662ECD63A2009931A4 /* Frameworks */ = {
			isa = PBXGroup;
			children = (
				694B366D2ECE207F0094E855 /* Speech.framework */,
				7B1337672ECD63A2009931A4 /* WidgetKit.framework */,
				7B1337692ECD63A2009931A4 /* SwiftUI.framework */,
			);
			name = Frameworks;
			sourceTree = "<group>";
		};
		CE39BFB32EC313F20090DF78 = {
			isa = PBXGroup;
			children = (
				CED16A5E2ECB7FCD00CF012B /* Secrets.xcconfig */,
				CE127F662ECB8858006A55E6 /* Secrets.xcconfig.sample */,
				CE39BFBE2EC313F20090DF78 /* Mentory */,
				CE8EE8322EC5D1600006E5A4 /* MentoryTests */,
				7B13376B2ECD63A2009931A4 /* MentoryWidget */,
				5888796D2ECD98EB00083137 /* MentoryWatch Watch App */,
				7B1337662ECD63A2009931A4 /* Frameworks */,
				CE39BFBD2EC313F20090DF78 /* Products */,
			);
			sourceTree = "<group>";
		};
		CE39BFBD2EC313F20090DF78 /* Products */ = {
			isa = PBXGroup;
			children = (
				CE39BFBC2EC313F20090DF78 /* Mentory.app */,
				CE8EE8312EC5D1600006E5A4 /* MentoryTests.xctest */,
				7B1337652ECD63A2009931A4 /* MentoryWidgetExtension.appex */,
				5888796C2ECD98EB00083137 /* MentoryWatch Watch App.app */,
			);
			name = Products;
			sourceTree = "<group>";
		};
/* End PBXGroup section */

/* Begin PBXNativeTarget section */
		5888796B2ECD98EB00083137 /* MentoryWatch Watch App */ = {
			isa = PBXNativeTarget;
			buildConfigurationList = 588879772ECD98EC00083137 /* Build configuration list for PBXNativeTarget "MentoryWatch Watch App" */;
			buildPhases = (
				588879682ECD98EB00083137 /* Sources */,
				588879692ECD98EB00083137 /* Frameworks */,
				5888796A2ECD98EB00083137 /* Resources */,
			);
			buildRules = (
			);
			dependencies = (
			);
			fileSystemSynchronizedGroups = (
				5888796D2ECD98EB00083137 /* MentoryWatch Watch App */,
			);
			name = "MentoryWatch Watch App";
			packageProductDependencies = (
			);
			productName = "MentoryWatch Watch App";
			productReference = 5888796C2ECD98EB00083137 /* MentoryWatch Watch App.app */;
			productType = "com.apple.product-type.application";
		};
		7B1337642ECD63A2009931A4 /* MentoryWidgetExtension */ = {
			isa = PBXNativeTarget;
			buildConfigurationList = 7B13377F2ECD63A4009931A4 /* Build configuration list for PBXNativeTarget "MentoryWidgetExtension" */;
			buildPhases = (
				7B1337612ECD63A2009931A4 /* Sources */,
				7B1337622ECD63A2009931A4 /* Frameworks */,
				7B1337632ECD63A2009931A4 /* Resources */,
			);
			buildRules = (
			);
			dependencies = (
			);
			fileSystemSynchronizedGroups = (
				7B13376B2ECD63A2009931A4 /* MentoryWidget */,
			);
			name = MentoryWidgetExtension;
			packageProductDependencies = (
			);
			productName = MentoryWidgetExtension;
			productReference = 7B1337652ECD63A2009931A4 /* MentoryWidgetExtension.appex */;
			productType = "com.apple.product-type.app-extension";
		};
		CE39BFBB2EC313F20090DF78 /* Mentory */ = {
			isa = PBXNativeTarget;
			buildConfigurationList = CE39BFC72EC313F30090DF78 /* Build configuration list for PBXNativeTarget "Mentory" */;
			buildPhases = (
				CE39BFB82EC313F20090DF78 /* Sources */,
				CE39BFB92EC313F20090DF78 /* Frameworks */,
				CE39BFBA2EC313F20090DF78 /* Resources */,
				7B13377C2ECD63A4009931A4 /* Embed Foundation Extensions */,
				5888797A2ECD98EC00083137 /* Embed Watch Content */,
			);
			buildRules = (
			);
			dependencies = (
				7B13377A2ECD63A4009931A4 /* PBXTargetDependency */,
				588879752ECD98EC00083137 /* PBXTargetDependency */,
			);
			fileSystemSynchronizedGroups = (
				CE39BFBE2EC313F20090DF78 /* Mentory */,
			);
			name = Mentory;
			packageProductDependencies = (
				CEB755822ECB9FF900FCE15A /* Collections */,
				CEB755842ECB9FF900FCE15A /* DequeModule */,
				CE29032F2ECD9EDD00AC403C /* FirebaseAI */,
				CE2903312ECD9EDD00AC403C /* FirebaseAILogic */,
			);
			productName = Mentory;
			productReference = CE39BFBC2EC313F20090DF78 /* Mentory.app */;
			productType = "com.apple.product-type.application";
		};
		CE8EE8302EC5D1600006E5A4 /* MentoryTests */ = {
			isa = PBXNativeTarget;
			buildConfigurationList = CE8EE8372EC5D1600006E5A4 /* Build configuration list for PBXNativeTarget "MentoryTests" */;
			buildPhases = (
				CE8EE82D2EC5D1600006E5A4 /* Sources */,
				CE8EE82E2EC5D1600006E5A4 /* Frameworks */,
				CE8EE82F2EC5D1600006E5A4 /* Resources */,
			);
			buildRules = (
			);
			dependencies = (
				CE8EE8362EC5D1600006E5A4 /* PBXTargetDependency */,
			);
			fileSystemSynchronizedGroups = (
				CE8EE8322EC5D1600006E5A4 /* MentoryTests */,
			);
			name = MentoryTests;
			packageProductDependencies = (
			);
			productName = MentoryTests;
			productReference = CE8EE8312EC5D1600006E5A4 /* MentoryTests.xctest */;
			productType = "com.apple.product-type.bundle.unit-test";
		};
/* End PBXNativeTarget section */

/* Begin PBXProject section */
		CE39BFB42EC313F20090DF78 /* Project object */ = {
			isa = PBXProject;
			attributes = {
				BuildIndependentTargetsInParallel = 1;
				LastSwiftUpdateCheck = 2610;
				LastUpgradeCheck = 2610;
				TargetAttributes = {
					5888796B2ECD98EB00083137 = {
						CreatedOnToolsVersion = 26.1.1;
					};
					7B1337642ECD63A2009931A4 = {
						CreatedOnToolsVersion = 26.1;
					};
					CE39BFBB2EC313F20090DF78 = {
						CreatedOnToolsVersion = 26.1;
					};
					CE8EE8302EC5D1600006E5A4 = {
						CreatedOnToolsVersion = 26.1;
						TestTargetID = CE39BFBB2EC313F20090DF78;
					};
				};
			};
			buildConfigurationList = CE39BFB72EC313F20090DF78 /* Build configuration list for PBXProject "Mentory" */;
			developmentRegion = en;
			hasScannedForEncodings = 0;
			knownRegions = (
				en,
				Base,
			);
			mainGroup = CE39BFB32EC313F20090DF78;
			minimizedProjectReferenceProxies = 1;
			packageReferences = (
				CEB755812ECB9FF900FCE15A /* XCRemoteSwiftPackageReference "swift-collections" */,
				CE29032E2ECD9EDD00AC403C /* XCRemoteSwiftPackageReference "firebase-ios-sdk" */,
			);
			preferredProjectObjectVersion = 77;
			productRefGroup = CE39BFBD2EC313F20090DF78 /* Products */;
			projectDirPath = "";
			projectRoot = "";
			targets = (
				CE39BFBB2EC313F20090DF78 /* Mentory */,
				CE8EE8302EC5D1600006E5A4 /* MentoryTests */,
				7B1337642ECD63A2009931A4 /* MentoryWidgetExtension */,
				5888796B2ECD98EB00083137 /* MentoryWatch Watch App */,
			);
		};
/* End PBXProject section */

/* Begin PBXResourcesBuildPhase section */
		5888796A2ECD98EB00083137 /* Resources */ = {
			isa = PBXResourcesBuildPhase;
			buildActionMask = 2147483647;
			files = (
			);
			runOnlyForDeploymentPostprocessing = 0;
		};
		7B1337632ECD63A2009931A4 /* Resources */ = {
			isa = PBXResourcesBuildPhase;
			buildActionMask = 2147483647;
			files = (
			);
			runOnlyForDeploymentPostprocessing = 0;
		};
		CE39BFBA2EC313F20090DF78 /* Resources */ = {
			isa = PBXResourcesBuildPhase;
			buildActionMask = 2147483647;
			files = (
				CED16A5F2ECB7FCD00CF012B /* Secrets.xcconfig in Resources */,
				CE127F672ECB8858006A55E6 /* Secrets.xcconfig.sample in Resources */,
			);
			runOnlyForDeploymentPostprocessing = 0;
		};
		CE8EE82F2EC5D1600006E5A4 /* Resources */ = {
			isa = PBXResourcesBuildPhase;
			buildActionMask = 2147483647;
			files = (
			);
			runOnlyForDeploymentPostprocessing = 0;
		};
/* End PBXResourcesBuildPhase section */

/* Begin PBXSourcesBuildPhase section */
		588879682ECD98EB00083137 /* Sources */ = {
			isa = PBXSourcesBuildPhase;
			buildActionMask = 2147483647;
			files = (
			);
			runOnlyForDeploymentPostprocessing = 0;
		};
		7B1337612ECD63A2009931A4 /* Sources */ = {
			isa = PBXSourcesBuildPhase;
			buildActionMask = 2147483647;
			files = (
			);
			runOnlyForDeploymentPostprocessing = 0;
		};
		CE39BFB82EC313F20090DF78 /* Sources */ = {
			isa = PBXSourcesBuildPhase;
			buildActionMask = 2147483647;
			files = (
			);
			runOnlyForDeploymentPostprocessing = 0;
		};
		CE8EE82D2EC5D1600006E5A4 /* Sources */ = {
			isa = PBXSourcesBuildPhase;
			buildActionMask = 2147483647;
			files = (
			);
			runOnlyForDeploymentPostprocessing = 0;
		};
/* End PBXSourcesBuildPhase section */

/* Begin PBXTargetDependency section */
		588879752ECD98EC00083137 /* PBXTargetDependency */ = {
			isa = PBXTargetDependency;
			target = 5888796B2ECD98EB00083137 /* MentoryWatch Watch App */;
			targetProxy = 588879742ECD98EC00083137 /* PBXContainerItemProxy */;
		};
		7B13377A2ECD63A4009931A4 /* PBXTargetDependency */ = {
			isa = PBXTargetDependency;
			target = 7B1337642ECD63A2009931A4 /* MentoryWidgetExtension */;
			targetProxy = 7B1337792ECD63A4009931A4 /* PBXContainerItemProxy */;
		};
		CE8EE8362EC5D1600006E5A4 /* PBXTargetDependency */ = {
			isa = PBXTargetDependency;
			target = CE39BFBB2EC313F20090DF78 /* Mentory */;
			targetProxy = CE8EE8352EC5D1600006E5A4 /* PBXContainerItemProxy */;
		};
/* End PBXTargetDependency section */

/* Begin XCBuildConfiguration section */
		588879782ECD98EC00083137 /* Debug */ = {
			isa = XCBuildConfiguration;
			buildSettings = {
				ASSETCATALOG_COMPILER_APPICON_NAME = AppIcon;
				ASSETCATALOG_COMPILER_GLOBAL_ACCENT_COLOR_NAME = AccentColor;
				CODE_SIGN_STYLE = Automatic;
				CURRENT_PROJECT_VERSION = 1;
				DEVELOPMENT_TEAM = 3X262XJF5T;
				ENABLE_PREVIEWS = YES;
				GENERATE_INFOPLIST_FILE = YES;
				INFOPLIST_KEY_CFBundleDisplayName = MentoryWatch;
				INFOPLIST_KEY_UISupportedInterfaceOrientations = "UIInterfaceOrientationPortrait UIInterfaceOrientationPortraitUpsideDown";
				INFOPLIST_KEY_WKCompanionAppBundleIdentifier = com.jaypark.Mentory;
				LD_RUNPATH_SEARCH_PATHS = (
					"$(inherited)",
					"@executable_path/Frameworks",
				);
				MARKETING_VERSION = 1.0;
				PRODUCT_BUNDLE_IDENTIFIER = com.jaypark.Mentory.watchkitapp;
				PRODUCT_NAME = "$(TARGET_NAME)";
				SDKROOT = watchos;
				SKIP_INSTALL = YES;
				STRING_CATALOG_GENERATE_SYMBOLS = YES;
				SWIFT_APPROACHABLE_CONCURRENCY = YES;
				SWIFT_DEFAULT_ACTOR_ISOLATION = MainActor;
				SWIFT_EMIT_LOC_STRINGS = YES;
				SWIFT_UPCOMING_FEATURE_MEMBER_IMPORT_VISIBILITY = YES;
				SWIFT_VERSION = 5.0;
				TARGETED_DEVICE_FAMILY = 4;
				WATCHOS_DEPLOYMENT_TARGET = 26.1;
			};
			name = Debug;
		};
		588879792ECD98EC00083137 /* Release */ = {
			isa = XCBuildConfiguration;
			buildSettings = {
				ASSETCATALOG_COMPILER_APPICON_NAME = AppIcon;
				ASSETCATALOG_COMPILER_GLOBAL_ACCENT_COLOR_NAME = AccentColor;
				CODE_SIGN_STYLE = Automatic;
				CURRENT_PROJECT_VERSION = 1;
				DEVELOPMENT_TEAM = 3X262XJF5T;
				ENABLE_PREVIEWS = YES;
				GENERATE_INFOPLIST_FILE = YES;
				INFOPLIST_KEY_CFBundleDisplayName = MentoryWatch;
				INFOPLIST_KEY_UISupportedInterfaceOrientations = "UIInterfaceOrientationPortrait UIInterfaceOrientationPortraitUpsideDown";
				INFOPLIST_KEY_WKCompanionAppBundleIdentifier = com.jaypark.Mentory;
				LD_RUNPATH_SEARCH_PATHS = (
					"$(inherited)",
					"@executable_path/Frameworks",
				);
				MARKETING_VERSION = 1.0;
				PRODUCT_BUNDLE_IDENTIFIER = com.jaypark.Mentory.watchkitapp;
				PRODUCT_NAME = "$(TARGET_NAME)";
				SDKROOT = watchos;
				SKIP_INSTALL = YES;
				STRING_CATALOG_GENERATE_SYMBOLS = YES;
				SWIFT_APPROACHABLE_CONCURRENCY = YES;
				SWIFT_DEFAULT_ACTOR_ISOLATION = MainActor;
				SWIFT_EMIT_LOC_STRINGS = YES;
				SWIFT_UPCOMING_FEATURE_MEMBER_IMPORT_VISIBILITY = YES;
				SWIFT_VERSION = 5.0;
				TARGETED_DEVICE_FAMILY = 4;
				WATCHOS_DEPLOYMENT_TARGET = 26.1;
			};
			name = Release;
		};
		7B13377D2ECD63A4009931A4 /* Debug */ = {
			isa = XCBuildConfiguration;
			buildSettings = {
				ASSETCATALOG_COMPILER_GLOBAL_ACCENT_COLOR_NAME = AccentColor;
				ASSETCATALOG_COMPILER_WIDGET_BACKGROUND_COLOR_NAME = WidgetBackground;
				CODE_SIGN_STYLE = Automatic;
				CURRENT_PROJECT_VERSION = 1;
				DEVELOPMENT_TEAM = 3X262XJF5T;
				GENERATE_INFOPLIST_FILE = YES;
				INFOPLIST_FILE = MentoryWidget/Info.plist;
				INFOPLIST_KEY_CFBundleDisplayName = MentoryWidget;
				INFOPLIST_KEY_NSHumanReadableCopyright = "";
				LD_RUNPATH_SEARCH_PATHS = (
					"$(inherited)",
					"@executable_path/Frameworks",
					"@executable_path/../../Frameworks",
				);
				MARKETING_VERSION = 1.0;
				PRODUCT_BUNDLE_IDENTIFIER = com.jaypark.Mentory.MentoryWidget;
				PRODUCT_NAME = "$(TARGET_NAME)";
				SKIP_INSTALL = YES;
				STRING_CATALOG_GENERATE_SYMBOLS = YES;
				SWIFT_APPROACHABLE_CONCURRENCY = YES;
				SWIFT_EMIT_LOC_STRINGS = YES;
				SWIFT_UPCOMING_FEATURE_MEMBER_IMPORT_VISIBILITY = YES;
				SWIFT_VERSION = 5.0;
				TARGETED_DEVICE_FAMILY = "1,2";
			};
			name = Debug;
		};
		7B13377E2ECD63A4009931A4 /* Release */ = {
			isa = XCBuildConfiguration;
			buildSettings = {
				ASSETCATALOG_COMPILER_GLOBAL_ACCENT_COLOR_NAME = AccentColor;
				ASSETCATALOG_COMPILER_WIDGET_BACKGROUND_COLOR_NAME = WidgetBackground;
				CODE_SIGN_STYLE = Automatic;
				CURRENT_PROJECT_VERSION = 1;
				DEVELOPMENT_TEAM = 3X262XJF5T;
				GENERATE_INFOPLIST_FILE = YES;
				INFOPLIST_FILE = MentoryWidget/Info.plist;
				INFOPLIST_KEY_CFBundleDisplayName = MentoryWidget;
				INFOPLIST_KEY_NSHumanReadableCopyright = "";
				LD_RUNPATH_SEARCH_PATHS = (
					"$(inherited)",
					"@executable_path/Frameworks",
					"@executable_path/../../Frameworks",
				);
				MARKETING_VERSION = 1.0;
				PRODUCT_BUNDLE_IDENTIFIER = com.jaypark.Mentory.MentoryWidget;
				PRODUCT_NAME = "$(TARGET_NAME)";
				SKIP_INSTALL = YES;
				STRING_CATALOG_GENERATE_SYMBOLS = YES;
				SWIFT_APPROACHABLE_CONCURRENCY = YES;
				SWIFT_EMIT_LOC_STRINGS = YES;
				SWIFT_UPCOMING_FEATURE_MEMBER_IMPORT_VISIBILITY = YES;
				SWIFT_VERSION = 5.0;
				TARGETED_DEVICE_FAMILY = "1,2";
			};
			name = Release;
		};
		CE39BFC52EC313F30090DF78 /* Debug */ = {
			isa = XCBuildConfiguration;
			baseConfigurationReference = CED16A5E2ECB7FCD00CF012B /* Secrets.xcconfig */;
			buildSettings = {
				ALWAYS_SEARCH_USER_PATHS = NO;
				ASSETCATALOG_COMPILER_GENERATE_SWIFT_ASSET_SYMBOL_EXTENSIONS = YES;
				CLANG_ANALYZER_NONNULL = YES;
				CLANG_ANALYZER_NUMBER_OBJECT_CONVERSION = YES_AGGRESSIVE;
				CLANG_CXX_LANGUAGE_STANDARD = "gnu++20";
				CLANG_ENABLE_MODULES = YES;
				CLANG_ENABLE_OBJC_ARC = YES;
				CLANG_ENABLE_OBJC_WEAK = YES;
				CLANG_WARN_BLOCK_CAPTURE_AUTORELEASING = YES;
				CLANG_WARN_BOOL_CONVERSION = YES;
				CLANG_WARN_COMMA = YES;
				CLANG_WARN_CONSTANT_CONVERSION = YES;
				CLANG_WARN_DEPRECATED_OBJC_IMPLEMENTATIONS = YES;
				CLANG_WARN_DIRECT_OBJC_ISA_USAGE = YES_ERROR;
				CLANG_WARN_DOCUMENTATION_COMMENTS = YES;
				CLANG_WARN_EMPTY_BODY = YES;
				CLANG_WARN_ENUM_CONVERSION = YES;
				CLANG_WARN_INFINITE_RECURSION = YES;
				CLANG_WARN_INT_CONVERSION = YES;
				CLANG_WARN_NON_LITERAL_NULL_CONVERSION = YES;
				CLANG_WARN_OBJC_IMPLICIT_RETAIN_SELF = YES;
				CLANG_WARN_OBJC_LITERAL_CONVERSION = YES;
				CLANG_WARN_OBJC_ROOT_CLASS = YES_ERROR;
				CLANG_WARN_QUOTED_INCLUDE_IN_FRAMEWORK_HEADER = YES;
				CLANG_WARN_RANGE_LOOP_ANALYSIS = YES;
				CLANG_WARN_STRICT_PROTOTYPES = YES;
				CLANG_WARN_SUSPICIOUS_MOVE = YES;
				CLANG_WARN_UNGUARDED_AVAILABILITY = YES_AGGRESSIVE;
				CLANG_WARN_UNREACHABLE_CODE = YES;
				CLANG_WARN__DUPLICATE_METHOD_MATCH = YES;
				COPY_PHASE_STRIP = NO;
				DEBUG_INFORMATION_FORMAT = dwarf;
				DEVELOPMENT_TEAM = 3X262XJF5T;
				ENABLE_STRICT_OBJC_MSGSEND = YES;
				ENABLE_TESTABILITY = YES;
				ENABLE_USER_SCRIPT_SANDBOXING = YES;
				GCC_C_LANGUAGE_STANDARD = gnu17;
				GCC_DYNAMIC_NO_PIC = NO;
				GCC_NO_COMMON_BLOCKS = YES;
				GCC_OPTIMIZATION_LEVEL = 0;
				GCC_PREPROCESSOR_DEFINITIONS = (
					"DEBUG=1",
					"$(inherited)",
				);
				GCC_WARN_64_TO_32_BIT_CONVERSION = YES;
				GCC_WARN_ABOUT_RETURN_TYPE = YES_ERROR;
				GCC_WARN_UNDECLARED_SELECTOR = YES;
				GCC_WARN_UNINITIALIZED_AUTOS = YES_AGGRESSIVE;
				GCC_WARN_UNUSED_FUNCTION = YES;
				GCC_WARN_UNUSED_VARIABLE = YES;
				IPHONEOS_DEPLOYMENT_TARGET = 26.1;
				LOCALIZATION_PREFERS_STRING_CATALOGS = YES;
				MTL_ENABLE_DEBUG_INFO = INCLUDE_SOURCE;
				MTL_FAST_MATH = YES;
				ONLY_ACTIVE_ARCH = YES;
				SDKROOT = iphoneos;
				SWIFT_ACTIVE_COMPILATION_CONDITIONS = "DEBUG $(inherited)";
				SWIFT_OPTIMIZATION_LEVEL = "-Onone";
			};
			name = Debug;
		};
		CE39BFC62EC313F30090DF78 /* Release */ = {
			isa = XCBuildConfiguration;
			baseConfigurationReference = CED16A5E2ECB7FCD00CF012B /* Secrets.xcconfig */;
			buildSettings = {
				ALWAYS_SEARCH_USER_PATHS = NO;
				ASSETCATALOG_COMPILER_GENERATE_SWIFT_ASSET_SYMBOL_EXTENSIONS = YES;
				CLANG_ANALYZER_NONNULL = YES;
				CLANG_ANALYZER_NUMBER_OBJECT_CONVERSION = YES_AGGRESSIVE;
				CLANG_CXX_LANGUAGE_STANDARD = "gnu++20";
				CLANG_ENABLE_MODULES = YES;
				CLANG_ENABLE_OBJC_ARC = YES;
				CLANG_ENABLE_OBJC_WEAK = YES;
				CLANG_WARN_BLOCK_CAPTURE_AUTORELEASING = YES;
				CLANG_WARN_BOOL_CONVERSION = YES;
				CLANG_WARN_COMMA = YES;
				CLANG_WARN_CONSTANT_CONVERSION = YES;
				CLANG_WARN_DEPRECATED_OBJC_IMPLEMENTATIONS = YES;
				CLANG_WARN_DIRECT_OBJC_ISA_USAGE = YES_ERROR;
				CLANG_WARN_DOCUMENTATION_COMMENTS = YES;
				CLANG_WARN_EMPTY_BODY = YES;
				CLANG_WARN_ENUM_CONVERSION = YES;
				CLANG_WARN_INFINITE_RECURSION = YES;
				CLANG_WARN_INT_CONVERSION = YES;
				CLANG_WARN_NON_LITERAL_NULL_CONVERSION = YES;
				CLANG_WARN_OBJC_IMPLICIT_RETAIN_SELF = YES;
				CLANG_WARN_OBJC_LITERAL_CONVERSION = YES;
				CLANG_WARN_OBJC_ROOT_CLASS = YES_ERROR;
				CLANG_WARN_QUOTED_INCLUDE_IN_FRAMEWORK_HEADER = YES;
				CLANG_WARN_RANGE_LOOP_ANALYSIS = YES;
				CLANG_WARN_STRICT_PROTOTYPES = YES;
				CLANG_WARN_SUSPICIOUS_MOVE = YES;
				CLANG_WARN_UNGUARDED_AVAILABILITY = YES_AGGRESSIVE;
				CLANG_WARN_UNREACHABLE_CODE = YES;
				CLANG_WARN__DUPLICATE_METHOD_MATCH = YES;
				COPY_PHASE_STRIP = NO;
				DEBUG_INFORMATION_FORMAT = "dwarf-with-dsym";
				DEVELOPMENT_TEAM = 3X262XJF5T;
				ENABLE_NS_ASSERTIONS = NO;
				ENABLE_STRICT_OBJC_MSGSEND = YES;
				ENABLE_USER_SCRIPT_SANDBOXING = YES;
				GCC_C_LANGUAGE_STANDARD = gnu17;
				GCC_NO_COMMON_BLOCKS = YES;
				GCC_WARN_64_TO_32_BIT_CONVERSION = YES;
				GCC_WARN_ABOUT_RETURN_TYPE = YES_ERROR;
				GCC_WARN_UNDECLARED_SELECTOR = YES;
				GCC_WARN_UNINITIALIZED_AUTOS = YES_AGGRESSIVE;
				GCC_WARN_UNUSED_FUNCTION = YES;
				GCC_WARN_UNUSED_VARIABLE = YES;
				IPHONEOS_DEPLOYMENT_TARGET = 26.1;
				LOCALIZATION_PREFERS_STRING_CATALOGS = YES;
				MTL_ENABLE_DEBUG_INFO = NO;
				MTL_FAST_MATH = YES;
				SDKROOT = iphoneos;
				SWIFT_COMPILATION_MODE = wholemodule;
				VALIDATE_PRODUCT = YES;
			};
			name = Release;
		};
		CE39BFC82EC313F30090DF78 /* Debug */ = {
			isa = XCBuildConfiguration;
			buildSettings = {
				ASSETCATALOG_COMPILER_APPICON_NAME = AppIcon;
				ASSETCATALOG_COMPILER_GLOBAL_ACCENT_COLOR_NAME = AccentColor;
				CODE_SIGN_IDENTITY = "Apple Development";
				CODE_SIGN_STYLE = Automatic;
				CURRENT_PROJECT_VERSION = 1;
				DEVELOPMENT_TEAM = 3X262XJF5T;
				ENABLE_PREVIEWS = YES;
				GENERATE_INFOPLIST_FILE = YES;
				INFOPLIST_FILE = Mentory/Info.plist;
				INFOPLIST_KEY_NSMicrophoneUsageDescription = "음성 입력을 위해 마이크 접근 권한이 필요합니다.";
				INFOPLIST_KEY_NSSpeechRecognitionUsageDescription = "음성 인식을 위해 권한이 필요합니다.";
				INFOPLIST_KEY_UIApplicationSceneManifest_Generation = YES;
				INFOPLIST_KEY_UIApplicationSupportsIndirectInputEvents = YES;
				INFOPLIST_KEY_UILaunchScreen_Generation = YES;
				INFOPLIST_KEY_UISupportedInterfaceOrientations_iPad = "UIInterfaceOrientationPortrait UIInterfaceOrientationPortraitUpsideDown UIInterfaceOrientationLandscapeLeft UIInterfaceOrientationLandscapeRight";
				INFOPLIST_KEY_UISupportedInterfaceOrientations_iPhone = "UIInterfaceOrientationPortrait UIInterfaceOrientationLandscapeLeft UIInterfaceOrientationLandscapeRight";
				IPHONEOS_DEPLOYMENT_TARGET = 26.1;
				LD_RUNPATH_SEARCH_PATHS = (
					"$(inherited)",
					"@executable_path/Frameworks",
				);
				MARKETING_VERSION = 1.0;
				PRODUCT_BUNDLE_IDENTIFIER = com.mandooplz.Mentory;
				PRODUCT_NAME = "$(TARGET_NAME)";
				PROVISIONING_PROFILE_SPECIFIER = "";
				STRING_CATALOG_GENERATE_SYMBOLS = YES;
				SWIFT_APPROACHABLE_CONCURRENCY = YES;
				SWIFT_DEFAULT_ACTOR_ISOLATION = MainActor;
				SWIFT_EMIT_LOC_STRINGS = YES;
				SWIFT_UPCOMING_FEATURE_MEMBER_IMPORT_VISIBILITY = YES;
				SWIFT_VERSION = 6.0;
				TARGETED_DEVICE_FAMILY = "1,2";
			};
			name = Debug;
		};
		CE39BFC92EC313F30090DF78 /* Release */ = {
			isa = XCBuildConfiguration;
			buildSettings = {
				ASSETCATALOG_COMPILER_APPICON_NAME = AppIcon;
				ASSETCATALOG_COMPILER_GLOBAL_ACCENT_COLOR_NAME = AccentColor;
				CODE_SIGN_IDENTITY = "Apple Development";
				CODE_SIGN_STYLE = Automatic;
				CURRENT_PROJECT_VERSION = 1;
				DEVELOPMENT_TEAM = 3X262XJF5T;
				ENABLE_PREVIEWS = YES;
				GENERATE_INFOPLIST_FILE = YES;
				INFOPLIST_FILE = Mentory/Info.plist;
				INFOPLIST_KEY_NSMicrophoneUsageDescription = "음성 입력을 위해 마이크 접근 권한이 필요합니다.";
				INFOPLIST_KEY_NSSpeechRecognitionUsageDescription = "음성 인식을 위해 권한이 필요합니다.";
				INFOPLIST_KEY_UIApplicationSceneManifest_Generation = YES;
				INFOPLIST_KEY_UIApplicationSupportsIndirectInputEvents = YES;
				INFOPLIST_KEY_UILaunchScreen_Generation = YES;
				INFOPLIST_KEY_UISupportedInterfaceOrientations_iPad = "UIInterfaceOrientationPortrait UIInterfaceOrientationPortraitUpsideDown UIInterfaceOrientationLandscapeLeft UIInterfaceOrientationLandscapeRight";
				INFOPLIST_KEY_UISupportedInterfaceOrientations_iPhone = "UIInterfaceOrientationPortrait UIInterfaceOrientationLandscapeLeft UIInterfaceOrientationLandscapeRight";
				IPHONEOS_DEPLOYMENT_TARGET = 26.1;
				LD_RUNPATH_SEARCH_PATHS = (
					"$(inherited)",
					"@executable_path/Frameworks",
				);
				MARKETING_VERSION = 1.0;
				PRODUCT_BUNDLE_IDENTIFIER = com.mandooplz.Mentory;
				PRODUCT_NAME = "$(TARGET_NAME)";
				PROVISIONING_PROFILE_SPECIFIER = "";
				STRING_CATALOG_GENERATE_SYMBOLS = YES;
				SWIFT_APPROACHABLE_CONCURRENCY = YES;
				SWIFT_DEFAULT_ACTOR_ISOLATION = MainActor;
				SWIFT_EMIT_LOC_STRINGS = YES;
				SWIFT_UPCOMING_FEATURE_MEMBER_IMPORT_VISIBILITY = YES;
				SWIFT_VERSION = 6.0;
				TARGETED_DEVICE_FAMILY = "1,2";
			};
			name = Release;
		};
		CE8EE8382EC5D1600006E5A4 /* Debug */ = {
			isa = XCBuildConfiguration;
			buildSettings = {
				BUNDLE_LOADER = "$(TEST_HOST)";
				CODE_SIGN_STYLE = Automatic;
				CURRENT_PROJECT_VERSION = 1;
				DEVELOPMENT_TEAM = 3X262XJF5T;
				GENERATE_INFOPLIST_FILE = YES;
				MARKETING_VERSION = 1.0;
				PRODUCT_BUNDLE_IDENTIFIER = com.mandooplz.MentoryTests;
				PRODUCT_NAME = "$(TARGET_NAME)";
				STRING_CATALOG_GENERATE_SYMBOLS = NO;
				SWIFT_APPROACHABLE_CONCURRENCY = YES;
				SWIFT_EMIT_LOC_STRINGS = NO;
				SWIFT_UPCOMING_FEATURE_MEMBER_IMPORT_VISIBILITY = YES;
				SWIFT_VERSION = 5.0;
				TARGETED_DEVICE_FAMILY = "1,2";
				TEST_HOST = "$(BUILT_PRODUCTS_DIR)/Mentory.app/$(BUNDLE_EXECUTABLE_FOLDER_PATH)/Mentory";
			};
			name = Debug;
		};
		CE8EE8392EC5D1600006E5A4 /* Release */ = {
			isa = XCBuildConfiguration;
			buildSettings = {
				BUNDLE_LOADER = "$(TEST_HOST)";
				CODE_SIGN_STYLE = Automatic;
				CURRENT_PROJECT_VERSION = 1;
				DEVELOPMENT_TEAM = 3X262XJF5T;
				GENERATE_INFOPLIST_FILE = YES;
				MARKETING_VERSION = 1.0;
				PRODUCT_BUNDLE_IDENTIFIER = com.mandooplz.MentoryTests;
				PRODUCT_NAME = "$(TARGET_NAME)";
				STRING_CATALOG_GENERATE_SYMBOLS = NO;
				SWIFT_APPROACHABLE_CONCURRENCY = YES;
				SWIFT_EMIT_LOC_STRINGS = NO;
				SWIFT_UPCOMING_FEATURE_MEMBER_IMPORT_VISIBILITY = YES;
				SWIFT_VERSION = 5.0;
				TARGETED_DEVICE_FAMILY = "1,2";
				TEST_HOST = "$(BUILT_PRODUCTS_DIR)/Mentory.app/$(BUNDLE_EXECUTABLE_FOLDER_PATH)/Mentory";
			};
			name = Release;
		};
/* End XCBuildConfiguration section */

/* Begin XCConfigurationList section */
		588879772ECD98EC00083137 /* Build configuration list for PBXNativeTarget "MentoryWatch Watch App" */ = {
			isa = XCConfigurationList;
			buildConfigurations = (
				588879782ECD98EC00083137 /* Debug */,
				588879792ECD98EC00083137 /* Release */,
			);
			defaultConfigurationIsVisible = 0;
			defaultConfigurationName = Release;
		};
		7B13377F2ECD63A4009931A4 /* Build configuration list for PBXNativeTarget "MentoryWidgetExtension" */ = {
			isa = XCConfigurationList;
			buildConfigurations = (
				7B13377D2ECD63A4009931A4 /* Debug */,
				7B13377E2ECD63A4009931A4 /* Release */,
			);
			defaultConfigurationIsVisible = 0;
			defaultConfigurationName = Release;
		};
		CE39BFB72EC313F20090DF78 /* Build configuration list for PBXProject "Mentory" */ = {
			isa = XCConfigurationList;
			buildConfigurations = (
				CE39BFC52EC313F30090DF78 /* Debug */,
				CE39BFC62EC313F30090DF78 /* Release */,
			);
			defaultConfigurationIsVisible = 0;
			defaultConfigurationName = Release;
		};
		CE39BFC72EC313F30090DF78 /* Build configuration list for PBXNativeTarget "Mentory" */ = {
			isa = XCConfigurationList;
			buildConfigurations = (
				CE39BFC82EC313F30090DF78 /* Debug */,
				CE39BFC92EC313F30090DF78 /* Release */,
			);
			defaultConfigurationIsVisible = 0;
			defaultConfigurationName = Release;
		};
		CE8EE8372EC5D1600006E5A4 /* Build configuration list for PBXNativeTarget "MentoryTests" */ = {
			isa = XCConfigurationList;
			buildConfigurations = (
				CE8EE8382EC5D1600006E5A4 /* Debug */,
				CE8EE8392EC5D1600006E5A4 /* Release */,
			);
			defaultConfigurationIsVisible = 0;
			defaultConfigurationName = Release;
		};
/* End XCConfigurationList section */

/* Begin XCRemoteSwiftPackageReference section */
		CE29032E2ECD9EDD00AC403C /* XCRemoteSwiftPackageReference "firebase-ios-sdk" */ = {
			isa = XCRemoteSwiftPackageReference;
			repositoryURL = "https://github.com/firebase/firebase-ios-sdk.git";
			requirement = {
				kind = upToNextMajorVersion;
				minimumVersion = 12.6.0;
			};
		};
		CEB755812ECB9FF900FCE15A /* XCRemoteSwiftPackageReference "swift-collections" */ = {
			isa = XCRemoteSwiftPackageReference;
			repositoryURL = "https://github.com/apple/swift-collections.git";
			requirement = {
				kind = upToNextMajorVersion;
				minimumVersion = 1.3.0;
			};
		};
/* End XCRemoteSwiftPackageReference section */

/* Begin XCSwiftPackageProductDependency section */
		CE29032F2ECD9EDD00AC403C /* FirebaseAI */ = {
			isa = XCSwiftPackageProductDependency;
			package = CE29032E2ECD9EDD00AC403C /* XCRemoteSwiftPackageReference "firebase-ios-sdk" */;
			productName = FirebaseAI;
		};
		CE2903312ECD9EDD00AC403C /* FirebaseAILogic */ = {
			isa = XCSwiftPackageProductDependency;
			package = CE29032E2ECD9EDD00AC403C /* XCRemoteSwiftPackageReference "firebase-ios-sdk" */;
			productName = FirebaseAILogic;
		};
		CEB755822ECB9FF900FCE15A /* Collections */ = {
			isa = XCSwiftPackageProductDependency;
			package = CEB755812ECB9FF900FCE15A /* XCRemoteSwiftPackageReference "swift-collections" */;
			productName = Collections;
		};
		CEB755842ECB9FF900FCE15A /* DequeModule */ = {
			isa = XCSwiftPackageProductDependency;
			package = CEB755812ECB9FF900FCE15A /* XCRemoteSwiftPackageReference "swift-collections" */;
			productName = DequeModule;
		};
/* End XCSwiftPackageProductDependency section */
	};
	rootObject = CE39BFB42EC313F20090DF78 /* Project object */;
}
